// !$*UTF8*$!
{
	archiveVersion = 1;
	classes = {
	};
	objectVersion = 55;
	objects = {

/* Begin PBXBuildFile section */
		243C450828E2706F00ED2983 /* Desafio-aula-07.swift in Sources */ = {isa = PBXBuildFile; fileRef = 243C450728E2706F00ED2983 /* Desafio-aula-07.swift */; };
		24D1F7C128D92ECF007BD6A6 /* Tests_iOS.swift in Sources */ = {isa = PBXBuildFile; fileRef = 24D1F7C028D92ECF007BD6A6 /* Tests_iOS.swift */; };
		24D1F7C328D92ECF007BD6A6 /* Tests_iOSLaunchTests.swift in Sources */ = {isa = PBXBuildFile; fileRef = 24D1F7C228D92ECF007BD6A6 /* Tests_iOSLaunchTests.swift */; };
		24D1F7CD28D92ECF007BD6A6 /* Tests_macOS.swift in Sources */ = {isa = PBXBuildFile; fileRef = 24D1F7CC28D92ECF007BD6A6 /* Tests_macOS.swift */; };
		24D1F7CF28D92ECF007BD6A6 /* Tests_macOSLaunchTests.swift in Sources */ = {isa = PBXBuildFile; fileRef = 24D1F7CE28D92ECF007BD6A6 /* Tests_macOSLaunchTests.swift */; };
		24D1F7D028D92ECF007BD6A6 /* DesafioApp.swift in Sources */ = {isa = PBXBuildFile; fileRef = 24D1F7A828D92ECE007BD6A6 /* DesafioApp.swift */; };
		24D1F7D128D92ECF007BD6A6 /* DesafioApp.swift in Sources */ = {isa = PBXBuildFile; fileRef = 24D1F7A828D92ECE007BD6A6 /* DesafioApp.swift */; };
		24D1F7D228D92ECF007BD6A6 /* ContentView.swift in Sources */ = {isa = PBXBuildFile; fileRef = 24D1F7A928D92ECE007BD6A6 /* ContentView.swift */; };
		24D1F7D328D92ECF007BD6A6 /* ContentView.swift in Sources */ = {isa = PBXBuildFile; fileRef = 24D1F7A928D92ECE007BD6A6 /* ContentView.swift */; };
		24D1F7D428D92ECF007BD6A6 /* Assets.xcassets in Resources */ = {isa = PBXBuildFile; fileRef = 24D1F7AA28D92ECF007BD6A6 /* Assets.xcassets */; };
		24D1F7D528D92ECF007BD6A6 /* Assets.xcassets in Resources */ = {isa = PBXBuildFile; fileRef = 24D1F7AA28D92ECF007BD6A6 /* Assets.xcassets */; };
/* End PBXBuildFile section */

/* Begin PBXContainerItemProxy section */
		24D1F7BD28D92ECF007BD6A6 /* PBXContainerItemProxy */ = {
			isa = PBXContainerItemProxy;
			containerPortal = 24D1F7A328D92ECE007BD6A6 /* Project object */;
			proxyType = 1;
			remoteGlobalIDString = 24D1F7AE28D92ECF007BD6A6;
			remoteInfo = "Desafio (iOS)";
		};
		24D1F7C928D92ECF007BD6A6 /* PBXContainerItemProxy */ = {
			isa = PBXContainerItemProxy;
			containerPortal = 24D1F7A328D92ECE007BD6A6 /* Project object */;
			proxyType = 1;
			remoteGlobalIDString = 24D1F7B428D92ECF007BD6A6;
			remoteInfo = "Desafio (macOS)";
		};
/* End PBXContainerItemProxy section */

/* Begin PBXFileReference section */
		243C450728E2706F00ED2983 /* Desafio-aula-07.swift */ = {isa = PBXFileReference; lastKnownFileType = sourcecode.swift; path = "Desafio-aula-07.swift"; sourceTree = "<group>"; };
		24D1F7A828D92ECE007BD6A6 /* DesafioApp.swift */ = {isa = PBXFileReference; lastKnownFileType = sourcecode.swift; path = DesafioApp.swift; sourceTree = "<group>"; };
		24D1F7A928D92ECE007BD6A6 /* ContentView.swift */ = {isa = PBXFileReference; lastKnownFileType = sourcecode.swift; path = ContentView.swift; sourceTree = "<group>"; };
		24D1F7AA28D92ECF007BD6A6 /* Assets.xcassets */ = {isa = PBXFileReference; lastKnownFileType = folder.assetcatalog; path = Assets.xcassets; sourceTree = "<group>"; };
		24D1F7AF28D92ECF007BD6A6 /* Desafio.app */ = {isa = PBXFileReference; explicitFileType = wrapper.application; includeInIndex = 0; path = Desafio.app; sourceTree = BUILT_PRODUCTS_DIR; };
		24D1F7B528D92ECF007BD6A6 /* Desafio.app */ = {isa = PBXFileReference; explicitFileType = wrapper.application; includeInIndex = 0; path = Desafio.app; sourceTree = BUILT_PRODUCTS_DIR; };
		24D1F7B728D92ECF007BD6A6 /* macOS.entitlements */ = {isa = PBXFileReference; lastKnownFileType = text.plist.entitlements; path = macOS.entitlements; sourceTree = "<group>"; };
		24D1F7BC28D92ECF007BD6A6 /* Tests iOS.xctest */ = {isa = PBXFileReference; explicitFileType = wrapper.cfbundle; includeInIndex = 0; path = "Tests iOS.xctest"; sourceTree = BUILT_PRODUCTS_DIR; };
		24D1F7C028D92ECF007BD6A6 /* Tests_iOS.swift */ = {isa = PBXFileReference; lastKnownFileType = sourcecode.swift; path = Tests_iOS.swift; sourceTree = "<group>"; };
		24D1F7C228D92ECF007BD6A6 /* Tests_iOSLaunchTests.swift */ = {isa = PBXFileReference; lastKnownFileType = sourcecode.swift; path = Tests_iOSLaunchTests.swift; sourceTree = "<group>"; };
		24D1F7C828D92ECF007BD6A6 /* Tests macOS.xctest */ = {isa = PBXFileReference; explicitFileType = wrapper.cfbundle; includeInIndex = 0; path = "Tests macOS.xctest"; sourceTree = BUILT_PRODUCTS_DIR; };
		24D1F7CC28D92ECF007BD6A6 /* Tests_macOS.swift */ = {isa = PBXFileReference; lastKnownFileType = sourcecode.swift; path = Tests_macOS.swift; sourceTree = "<group>"; };
		24D1F7CE28D92ECF007BD6A6 /* Tests_macOSLaunchTests.swift */ = {isa = PBXFileReference; lastKnownFileType = sourcecode.swift; path = Tests_macOSLaunchTests.swift; sourceTree = "<group>"; };
/* End PBXFileReference section */

/* Begin PBXFrameworksBuildPhase section */
		24D1F7AC28D92ECF007BD6A6 /* Frameworks */ = {
			isa = PBXFrameworksBuildPhase;
			buildActionMask = 2147483647;
			files = (
			);
			runOnlyForDeploymentPostprocessing = 0;
		};
		24D1F7B228D92ECF007BD6A6 /* Frameworks */ = {
			isa = PBXFrameworksBuildPhase;
			buildActionMask = 2147483647;
			files = (
			);
			runOnlyForDeploymentPostprocessing = 0;
		};
		24D1F7B928D92ECF007BD6A6 /* Frameworks */ = {
			isa = PBXFrameworksBuildPhase;
			buildActionMask = 2147483647;
			files = (
			);
			runOnlyForDeploymentPostprocessing = 0;
		};
		24D1F7C528D92ECF007BD6A6 /* Frameworks */ = {
			isa = PBXFrameworksBuildPhase;
			buildActionMask = 2147483647;
			files = (
			);
			runOnlyForDeploymentPostprocessing = 0;
		};
/* End PBXFrameworksBuildPhase section */

/* Begin PBXGroup section */
		24D1F7A228D92ECE007BD6A6 = {
			isa = PBXGroup;
			children = (
				243C450728E2706F00ED2983 /* Desafio-aula-07.swift */,
				24D1F7A728D92ECE007BD6A6 /* Shared */,
				24D1F7B628D92ECF007BD6A6 /* macOS */,
				24D1F7BF28D92ECF007BD6A6 /* Tests iOS */,
				24D1F7CB28D92ECF007BD6A6 /* Tests macOS */,
				24D1F7B028D92ECF007BD6A6 /* Products */,
			);
			sourceTree = "<group>";
		};
		24D1F7A728D92ECE007BD6A6 /* Shared */ = {
			isa = PBXGroup;
			children = (
				24D1F7A828D92ECE007BD6A6 /* DesafioApp.swift */,
				24D1F7A928D92ECE007BD6A6 /* ContentView.swift */,
				24D1F7AA28D92ECF007BD6A6 /* Assets.xcassets */,
			);
			path = Shared;
			sourceTree = "<group>";
		};
		24D1F7B028D92ECF007BD6A6 /* Products */ = {
			isa = PBXGroup;
			children = (
				24D1F7AF28D92ECF007BD6A6 /* Desafio.app */,
				24D1F7B528D92ECF007BD6A6 /* Desafio.app */,
				24D1F7BC28D92ECF007BD6A6 /* Tests iOS.xctest */,
				24D1F7C828D92ECF007BD6A6 /* Tests macOS.xctest */,
			);
			name = Products;
			sourceTree = "<group>";
		};
		24D1F7B628D92ECF007BD6A6 /* macOS */ = {
			isa = PBXGroup;
			children = (
				24D1F7B728D92ECF007BD6A6 /* macOS.entitlements */,
			);
			path = macOS;
			sourceTree = "<group>";
		};
		24D1F7BF28D92ECF007BD6A6 /* Tests iOS */ = {
			isa = PBXGroup;
			children = (
				24D1F7C028D92ECF007BD6A6 /* Tests_iOS.swift */,
				24D1F7C228D92ECF007BD6A6 /* Tests_iOSLaunchTests.swift */,
			);
			path = "Tests iOS";
			sourceTree = "<group>";
		};
		24D1F7CB28D92ECF007BD6A6 /* Tests macOS */ = {
			isa = PBXGroup;
			children = (
				24D1F7CC28D92ECF007BD6A6 /* Tests_macOS.swift */,
				24D1F7CE28D92ECF007BD6A6 /* Tests_macOSLaunchTests.swift */,
			);
			path = "Tests macOS";
			sourceTree = "<group>";
		};
/* End PBXGroup section */

/* Begin PBXNativeTarget section */
		24D1F7AE28D92ECF007BD6A6 /* Desafio (iOS) */ = {
			isa = PBXNativeTarget;
			buildConfigurationList = 24D1F7D828D92ED0007BD6A6 /* Build configuration list for PBXNativeTarget "Desafio (iOS)" */;
			buildPhases = (
				24D1F7AB28D92ECF007BD6A6 /* Sources */,
				24D1F7AC28D92ECF007BD6A6 /* Frameworks */,
				24D1F7AD28D92ECF007BD6A6 /* Resources */,
			);
			buildRules = (
			);
			dependencies = (
			);
			name = "Desafio (iOS)";
			productName = "Desafio (iOS)";
			productReference = 24D1F7AF28D92ECF007BD6A6 /* Desafio.app */;
			productType = "com.apple.product-type.application";
		};
		24D1F7B428D92ECF007BD6A6 /* Desafio (macOS) */ = {
			isa = PBXNativeTarget;
			buildConfigurationList = 24D1F7DB28D92ED0007BD6A6 /* Build configuration list for PBXNativeTarget "Desafio (macOS)" */;
			buildPhases = (
				24D1F7B128D92ECF007BD6A6 /* Sources */,
				24D1F7B228D92ECF007BD6A6 /* Frameworks */,
				24D1F7B328D92ECF007BD6A6 /* Resources */,
			);
			buildRules = (
			);
			dependencies = (
			);
			name = "Desafio (macOS)";
			productName = "Desafio (macOS)";
			productReference = 24D1F7B528D92ECF007BD6A6 /* Desafio.app */;
			productType = "com.apple.product-type.application";
		};
		24D1F7BB28D92ECF007BD6A6 /* Tests iOS */ = {
			isa = PBXNativeTarget;
			buildConfigurationList = 24D1F7DE28D92ED0007BD6A6 /* Build configuration list for PBXNativeTarget "Tests iOS" */;
			buildPhases = (
				24D1F7B828D92ECF007BD6A6 /* Sources */,
				24D1F7B928D92ECF007BD6A6 /* Frameworks */,
				24D1F7BA28D92ECF007BD6A6 /* Resources */,
			);
			buildRules = (
			);
			dependencies = (
				24D1F7BE28D92ECF007BD6A6 /* PBXTargetDependency */,
			);
			name = "Tests iOS";
			productName = "Tests iOS";
			productReference = 24D1F7BC28D92ECF007BD6A6 /* Tests iOS.xctest */;
			productType = "com.apple.product-type.bundle.ui-testing";
		};
		24D1F7C728D92ECF007BD6A6 /* Tests macOS */ = {
			isa = PBXNativeTarget;
			buildConfigurationList = 24D1F7E128D92ED0007BD6A6 /* Build configuration list for PBXNativeTarget "Tests macOS" */;
			buildPhases = (
				24D1F7C428D92ECF007BD6A6 /* Sources */,
				24D1F7C528D92ECF007BD6A6 /* Frameworks */,
				24D1F7C628D92ECF007BD6A6 /* Resources */,
			);
			buildRules = (
			);
			dependencies = (
				24D1F7CA28D92ECF007BD6A6 /* PBXTargetDependency */,
			);
			name = "Tests macOS";
			productName = "Tests macOS";
			productReference = 24D1F7C828D92ECF007BD6A6 /* Tests macOS.xctest */;
			productType = "com.apple.product-type.bundle.ui-testing";
		};
/* End PBXNativeTarget section */

/* Begin PBXProject section */
		24D1F7A328D92ECE007BD6A6 /* Project object */ = {
			isa = PBXProject;
			attributes = {
				BuildIndependentTargetsInParallel = 1;
				LastSwiftUpdateCheck = 1310;
				LastUpgradeCheck = 1310;
				TargetAttributes = {
					24D1F7AE28D92ECF007BD6A6 = {
						CreatedOnToolsVersion = 13.1;
					};
					24D1F7B428D92ECF007BD6A6 = {
						CreatedOnToolsVersion = 13.1;
					};
					24D1F7BB28D92ECF007BD6A6 = {
						CreatedOnToolsVersion = 13.1;
						TestTargetID = 24D1F7AE28D92ECF007BD6A6;
					};
					24D1F7C728D92ECF007BD6A6 = {
						CreatedOnToolsVersion = 13.1;
						TestTargetID = 24D1F7B428D92ECF007BD6A6;
					};
				};
			};
			buildConfigurationList = 24D1F7A628D92ECE007BD6A6 /* Build configuration list for PBXProject "Desafio" */;
			compatibilityVersion = "Xcode 13.0";
			developmentRegion = en;
			hasScannedForEncodings = 0;
			knownRegions = (
				en,
				Base,
			);
			mainGroup = 24D1F7A228D92ECE007BD6A6;
			productRefGroup = 24D1F7B028D92ECF007BD6A6 /* Products */;
			projectDirPath = "";
			projectRoot = "";
			targets = (
				24D1F7AE28D92ECF007BD6A6 /* Desafio (iOS) */,
				24D1F7B428D92ECF007BD6A6 /* Desafio (macOS) */,
				24D1F7BB28D92ECF007BD6A6 /* Tests iOS */,
				24D1F7C728D92ECF007BD6A6 /* Tests macOS */,
			);
		};
/* End PBXProject section */

/* Begin PBXResourcesBuildPhase section */
		24D1F7AD28D92ECF007BD6A6 /* Resources */ = {
			isa = PBXResourcesBuildPhase;
			buildActionMask = 2147483647;
			files = (
				24D1F7D428D92ECF007BD6A6 /* Assets.xcassets in Resources */,
			);
			runOnlyForDeploymentPostprocessing = 0;
		};
		24D1F7B328D92ECF007BD6A6 /* Resources */ = {
			isa = PBXResourcesBuildPhase;
			buildActionMask = 2147483647;
			files = (
				24D1F7D528D92ECF007BD6A6 /* Assets.xcassets in Resources */,
			);
			runOnlyForDeploymentPostprocessing = 0;
		};
		24D1F7BA28D92ECF007BD6A6 /* Resources */ = {
			isa = PBXResourcesBuildPhase;
			buildActionMask = 2147483647;
			files = (
			);
			runOnlyForDeploymentPostprocessing = 0;
		};
		24D1F7C628D92ECF007BD6A6 /* Resources */ = {
			isa = PBXResourcesBuildPhase;
			buildActionMask = 2147483647;
			files = (
			);
			runOnlyForDeploymentPostprocessing = 0;
		};
/* End PBXResourcesBuildPhase section */

/* Begin PBXSourcesBuildPhase section */
		24D1F7AB28D92ECF007BD6A6 /* Sources */ = {
			isa = PBXSourcesBuildPhase;
			buildActionMask = 2147483647;
			files = (
				24D1F7D228D92ECF007BD6A6 /* ContentView.swift in Sources */,
				24D1F7D028D92ECF007BD6A6 /* DesafioApp.swift in Sources */,
				243C450828E2706F00ED2983 /* Desafio-aula-07.swift in Sources */,
			);
			runOnlyForDeploymentPostprocessing = 0;
		};
		24D1F7B128D92ECF007BD6A6 /* Sources */ = {
			isa = PBXSourcesBuildPhase;
			buildActionMask = 2147483647;
			files = (
				24D1F7D328D92ECF007BD6A6 /* ContentView.swift in Sources */,
				24D1F7D128D92ECF007BD6A6 /* DesafioApp.swift in Sources */,
			);
			runOnlyForDeploymentPostprocessing = 0;
		};
		24D1F7B828D92ECF007BD6A6 /* Sources */ = {
			isa = PBXSourcesBuildPhase;
			buildActionMask = 2147483647;
			files = (
				24D1F7C328D92ECF007BD6A6 /* Tests_iOSLaunchTests.swift in Sources */,
				24D1F7C128D92ECF007BD6A6 /* Tests_iOS.swift in Sources */,
			);
			runOnlyForDeploymentPostprocessing = 0;
		};
		24D1F7C428D92ECF007BD6A6 /* Sources */ = {
			isa = PBXSourcesBuildPhase;
			buildActionMask = 2147483647;
			files = (
				24D1F7CF28D92ECF007BD6A6 /* Tests_macOSLaunchTests.swift in Sources */,
				24D1F7CD28D92ECF007BD6A6 /* Tests_macOS.swift in Sources */,
			);
			runOnlyForDeploymentPostprocessing = 0;
		};
/* End PBXSourcesBuildPhase section */

/* Begin PBXTargetDependency section */
		24D1F7BE28D92ECF007BD6A6 /* PBXTargetDependency */ = {
			isa = PBXTargetDependency;
			target = 24D1F7AE28D92ECF007BD6A6 /* Desafio (iOS) */;
			targetProxy = 24D1F7BD28D92ECF007BD6A6 /* PBXContainerItemProxy */;
		};
		24D1F7CA28D92ECF007BD6A6 /* PBXTargetDependency */ = {
			isa = PBXTargetDependency;
			target = 24D1F7B428D92ECF007BD6A6 /* Desafio (macOS) */;
			targetProxy = 24D1F7C928D92ECF007BD6A6 /* PBXContainerItemProxy */;
		};
/* End PBXTargetDependency section */

/* Begin XCBuildConfiguration section */
		24D1F7D628D92ECF007BD6A6 /* Debug */ = {
			isa = XCBuildConfiguration;
			buildSettings = {
				ALWAYS_SEARCH_USER_PATHS = NO;
				CLANG_ANALYZER_NONNULL = YES;
				CLANG_ANALYZER_NUMBER_OBJECT_CONVERSION = YES_AGGRESSIVE;
				CLANG_CXX_LANGUAGE_STANDARD = "gnu++17";
				CLANG_CXX_LIBRARY = "libc++";
				CLANG_ENABLE_MODULES = YES;
				CLANG_ENABLE_OBJC_ARC = YES;
				CLANG_ENABLE_OBJC_WEAK = YES;
				CLANG_WARN_BLOCK_CAPTURE_AUTORELEASING = YES;
				CLANG_WARN_BOOL_CONVERSION = YES;
				CLANG_WARN_COMMA = YES;
				CLANG_WARN_CONSTANT_CONVERSION = YES;
				CLANG_WARN_DEPRECATED_OBJC_IMPLEMENTATIONS = YES;
				CLANG_WARN_DIRECT_OBJC_ISA_USAGE = YES_ERROR;
				CLANG_WARN_DOCUMENTATION_COMMENTS = YES;
				CLANG_WARN_EMPTY_BODY = YES;
				CLANG_WARN_ENUM_CONVERSION = YES;
				CLANG_WARN_INFINITE_RECURSION = YES;
				CLANG_WARN_INT_CONVERSION = YES;
				CLANG_WARN_NON_LITERAL_NULL_CONVERSION = YES;
				CLANG_WARN_OBJC_IMPLICIT_RETAIN_SELF = YES;
				CLANG_WARN_OBJC_LITERAL_CONVERSION = YES;
				CLANG_WARN_OBJC_ROOT_CLASS = YES_ERROR;
				CLANG_WARN_QUOTED_INCLUDE_IN_FRAMEWORK_HEADER = YES;
				CLANG_WARN_RANGE_LOOP_ANALYSIS = YES;
				CLANG_WARN_STRICT_PROTOTYPES = YES;
				CLANG_WARN_SUSPICIOUS_MOVE = YES;
				CLANG_WARN_UNGUARDED_AVAILABILITY = YES_AGGRESSIVE;
				CLANG_WARN_UNREACHABLE_CODE = YES;
				CLANG_WARN__DUPLICATE_METHOD_MATCH = YES;
				COPY_PHASE_STRIP = NO;
				DEBUG_INFORMATION_FORMAT = dwarf;
				ENABLE_STRICT_OBJC_MSGSEND = YES;
				ENABLE_TESTABILITY = YES;
				GCC_C_LANGUAGE_STANDARD = gnu11;
				GCC_DYNAMIC_NO_PIC = NO;
				GCC_NO_COMMON_BLOCKS = YES;
				GCC_OPTIMIZATION_LEVEL = 0;
				GCC_PREPROCESSOR_DEFINITIONS = (
					"DEBUG=1",
					"$(inherited)",
				);
				GCC_WARN_64_TO_32_BIT_CONVERSION = YES;
				GCC_WARN_ABOUT_RETURN_TYPE = YES_ERROR;
				GCC_WARN_UNDECLARED_SELECTOR = YES;
				GCC_WARN_UNINITIALIZED_AUTOS = YES_AGGRESSIVE;
				GCC_WARN_UNUSED_FUNCTION = YES;
				GCC_WARN_UNUSED_VARIABLE = YES;
				MTL_ENABLE_DEBUG_INFO = INCLUDE_SOURCE;
				MTL_FAST_MATH = YES;
				ONLY_ACTIVE_ARCH = YES;
				SWIFT_ACTIVE_COMPILATION_CONDITIONS = DEBUG;
				SWIFT_OPTIMIZATION_LEVEL = "-Onone";
			};
			name = Debug;
		};
		24D1F7D728D92ECF007BD6A6 /* Release */ = {
			isa = XCBuildConfiguration;
			buildSettings = {
				ALWAYS_SEARCH_USER_PATHS = NO;
				CLANG_ANALYZER_NONNULL = YES;
				CLANG_ANALYZER_NUMBER_OBJECT_CONVERSION = YES_AGGRESSIVE;
				CLANG_CXX_LANGUAGE_STANDARD = "gnu++17";
				CLANG_CXX_LIBRARY = "libc++";
				CLANG_ENABLE_MODULES = YES;
				CLANG_ENABLE_OBJC_ARC = YES;
				CLANG_ENABLE_OBJC_WEAK = YES;
				CLANG_WARN_BLOCK_CAPTURE_AUTORELEASING = YES;
				CLANG_WARN_BOOL_CONVERSION = YES;
				CLANG_WARN_COMMA = YES;
				CLANG_WARN_CONSTANT_CONVERSION = YES;
				CLANG_WARN_DEPRECATED_OBJC_IMPLEMENTATIONS = YES;
				CLANG_WARN_DIRECT_OBJC_ISA_USAGE = YES_ERROR;
				CLANG_WARN_DOCUMENTATION_COMMENTS = YES;
				CLANG_WARN_EMPTY_BODY = YES;
				CLANG_WARN_ENUM_CONVERSION = YES;
				CLANG_WARN_INFINITE_RECURSION = YES;
				CLANG_WARN_INT_CONVERSION = YES;
				CLANG_WARN_NON_LITERAL_NULL_CONVERSION = YES;
				CLANG_WARN_OBJC_IMPLICIT_RETAIN_SELF = YES;
				CLANG_WARN_OBJC_LITERAL_CONVERSION = YES;
				CLANG_WARN_OBJC_ROOT_CLASS = YES_ERROR;
				CLANG_WARN_QUOTED_INCLUDE_IN_FRAMEWORK_HEADER = YES;
				CLANG_WARN_RANGE_LOOP_ANALYSIS = YES;
				CLANG_WARN_STRICT_PROTOTYPES = YES;
				CLANG_WARN_SUSPICIOUS_MOVE = YES;
				CLANG_WARN_UNGUARDED_AVAILABILITY = YES_AGGRESSIVE;
				CLANG_WARN_UNREACHABLE_CODE = YES;
				CLANG_WARN__DUPLICATE_METHOD_MATCH = YES;
				COPY_PHASE_STRIP = NO;
				DEBUG_INFORMATION_FORMAT = "dwarf-with-dsym";
				ENABLE_NS_ASSERTIONS = NO;
				ENABLE_STRICT_OBJC_MSGSEND = YES;
				GCC_C_LANGUAGE_STANDARD = gnu11;
				GCC_NO_COMMON_BLOCKS = YES;
				GCC_WARN_64_TO_32_BIT_CONVERSION = YES;
				GCC_WARN_ABOUT_RETURN_TYPE = YES_ERROR;
				GCC_WARN_UNDECLARED_SELECTOR = YES;
				GCC_WARN_UNINITIALIZED_AUTOS = YES_AGGRESSIVE;
				GCC_WARN_UNUSED_FUNCTION = YES;
				GCC_WARN_UNUSED_VARIABLE = YES;
				MTL_ENABLE_DEBUG_INFO = NO;
				MTL_FAST_MATH = YES;
				SWIFT_COMPILATION_MODE = wholemodule;
				SWIFT_OPTIMIZATION_LEVEL = "-O";
			};
			name = Release;
		};
		24D1F7D928D92ED0007BD6A6 /* Debug */ = {
			isa = XCBuildConfiguration;
			buildSettings = {
				ASSETCATALOG_COMPILER_APPICON_NAME = AppIcon;
				ASSETCATALOG_COMPILER_GLOBAL_ACCENT_COLOR_NAME = AccentColor;
				CODE_SIGN_STYLE = Automatic;
				CURRENT_PROJECT_VERSION = 1;
				ENABLE_PREVIEWS = YES;
				GENERATE_INFOPLIST_FILE = YES;
				INFOPLIST_KEY_UIApplicationSceneManifest_Generation = YES;
				INFOPLIST_KEY_UIApplicationSupportsIndirectInputEvents = YES;
				INFOPLIST_KEY_UILaunchScreen_Generation = YES;
				INFOPLIST_KEY_UISupportedInterfaceOrientations_iPad = "UIInterfaceOrientationPortrait UIInterfaceOrientationPortraitUpsideDown UIInterfaceOrientationLandscapeLeft UIInterfaceOrientationLandscapeRight";
				INFOPLIST_KEY_UISupportedInterfaceOrientations_iPhone = "UIInterfaceOrientationPortrait UIInterfaceOrientationLandscapeLeft UIInterfaceOrientationLandscapeRight";
				IPHONEOS_DEPLOYMENT_TARGET = 15.0;
				LD_RUNPATH_SEARCH_PATHS = (
					"$(inherited)",
					"@executable_path/Frameworks",
				);
				MARKETING_VERSION = 1.0;
				PRODUCT_BUNDLE_IDENTIFIER = Desafio.Desafio;
				PRODUCT_NAME = Desafio;
				SDKROOT = iphoneos;
				SWIFT_EMIT_LOC_STRINGS = YES;
				SWIFT_VERSION = 5.0;
				TARGETED_DEVICE_FAMILY = "1,2";
			};
			name = Debug;
		};
		24D1F7DA28D92ED0007BD6A6 /* Release */ = {
			isa = XCBuildConfiguration;
			buildSettings = {
				ASSETCATALOG_COMPILER_APPICON_NAME = AppIcon;
				ASSETCATALOG_COMPILER_GLOBAL_ACCENT_COLOR_NAME = AccentColor;
				CODE_SIGN_STYLE = Automatic;
				CURRENT_PROJECT_VERSION = 1;
				ENABLE_PREVIEWS = YES;
				GENERATE_INFOPLIST_FILE = YES;
				INFOPLIST_KEY_UIApplicationSceneManifest_Generation = YES;
				INFOPLIST_KEY_UIApplicationSupportsIndirectInputEvents = YES;
				INFOPLIST_KEY_UILaunchScreen_Generation = YES;
				INFOPLIST_KEY_UISupportedInterfaceOrientations_iPad = "UIInterfaceOrientationPortrait UIInterfaceOrientationPortraitUpsideDown UIInterfaceOrientationLandscapeLeft UIInterfaceOrientationLandscapeRight";
				INFOPLIST_KEY_UISupportedInterfaceOrientations_iPhone = "UIInterfaceOrientationPortrait UIInterfaceOrientationLandscapeLeft UIInterfaceOrientationLandscapeRight";
				IPHONEOS_DEPLOYMENT_TARGET = 15.0;
				LD_RUNPATH_SEARCH_PATHS = (
					"$(inherited)",
					"@executable_path/Frameworks",
				);
				MARKETING_VERSION = 1.0;
				PRODUCT_BUNDLE_IDENTIFIER = Desafio.Desafio;
				PRODUCT_NAME = Desafio;
				SDKROOT = iphoneos;
				SWIFT_EMIT_LOC_STRINGS = YES;
				SWIFT_VERSION = 5.0;
				TARGETED_DEVICE_FAMILY = "1,2";
				VALIDATE_PRODUCT = YES;
			};
			name = Release;
		};
		24D1F7DC28D92ED0007BD6A6 /* Debug */ = {
			isa = XCBuildConfiguration;
			buildSettings = {
				ASSETCATALOG_COMPILER_APPICON_NAME = AppIcon;
				ASSETCATALOG_COMPILER_GLOBAL_ACCENT_COLOR_NAME = AccentColor;
				CODE_SIGN_ENTITLEMENTS = macOS/macOS.entitlements;
				CODE_SIGN_STYLE = Automatic;
				COMBINE_HIDPI_IMAGES = YES;
				CURRENT_PROJECT_VERSION = 1;
				ENABLE_PREVIEWS = YES;
				GENERATE_INFOPLIST_FILE = YES;
				INFOPLIST_KEY_NSHumanReadableCopyright = "";
				LD_RUNPATH_SEARCH_PATHS = (
					"$(inherited)",
					"@executable_path/../Frameworks",
				);
				MACOSX_DEPLOYMENT_TARGET = 12.0;
				MARKETING_VERSION = 1.0;
				PRODUCT_BUNDLE_IDENTIFIER = Desafio.Desafio;
				PRODUCT_NAME = Desafio;
				SDKROOT = macosx;
				SWIFT_EMIT_LOC_STRINGS = YES;
				SWIFT_VERSION = 5.0;
			};
			name = Debug;
		};
		24D1F7DD28D92ED0007BD6A6 /* Release */ = {
			isa = XCBuildConfiguration;
			buildSettings = {
				ASSETCATALOG_COMPILER_APPICON_NAME = AppIcon;
				ASSETCATALOG_COMPILER_GLOBAL_ACCENT_COLOR_NAME = AccentColor;
				CODE_SIGN_ENTITLEMENTS = macOS/macOS.entitlements;
				CODE_SIGN_STYLE = Automatic;
				COMBINE_HIDPI_IMAGES = YES;
				CURRENT_PROJECT_VERSION = 1;
				ENABLE_PREVIEWS = YES;
				GENERATE_INFOPLIST_FILE = YES;
				INFOPLIST_KEY_NSHumanReadableCopyright = "";
				LD_RUNPATH_SEARCH_PATHS = (
					"$(inherited)",
					"@executable_path/../Frameworks",
				);
				MACOSX_DEPLOYMENT_TARGET = 12.0;
				MARKETING_VERSION = 1.0;
				PRODUCT_BUNDLE_IDENTIFIER = Desafio.Desafio;
				PRODUCT_NAME = Desafio;
				SDKROOT = macosx;
				SWIFT_EMIT_LOC_STRINGS = YES;
				SWIFT_VERSION = 5.0;
			};
			name = Release;
		};
		24D1F7DF28D92ED0007BD6A6 /* Debug */ = {
			isa = XCBuildConfiguration;
			buildSettings = {
				ALWAYS_EMBED_SWIFT_STANDARD_LIBRARIES = YES;
				CODE_SIGN_STYLE = Automatic;
				CURRENT_PROJECT_VERSION = 1;
				GENERATE_INFOPLIST_FILE = YES;
				IPHONEOS_DEPLOYMENT_TARGET = 15.0;
				LD_RUNPATH_SEARCH_PATHS = (
					"$(inherited)",
					"@executable_path/Frameworks",
					"@loader_path/Frameworks",
				);
				MARKETING_VERSION = 1.0;
				PRODUCT_BUNDLE_IDENTIFIER = "Desafio.Tests-iOS";
				PRODUCT_NAME = "$(TARGET_NAME)";
				SDKROOT = iphoneos;
				SWIFT_EMIT_LOC_STRINGS = NO;
				SWIFT_VERSION = 5.0;
				TARGETED_DEVICE_FAMILY = "1,2";
				TEST_TARGET_NAME = "Desafio (iOS)";
			};
			name = Debug;
		};
		24D1F7E028D92ED0007BD6A6 /* Release */ = {
			isa = XCBuildConfiguration;
			buildSettings = {
				ALWAYS_EMBED_SWIFT_STANDARD_LIBRARIES = YES;
				CODE_SIGN_STYLE = Automatic;
				CURRENT_PROJECT_VERSION = 1;
				GENERATE_INFOPLIST_FILE = YES;
				IPHONEOS_DEPLOYMENT_TARGET = 15.0;
				LD_RUNPATH_SEARCH_PATHS = (
					"$(inherited)",
					"@executable_path/Frameworks",
					"@loader_path/Frameworks",
				);
				MARKETING_VERSION = 1.0;
				PRODUCT_BUNDLE_IDENTIFIER = "Desafio.Tests-iOS";
				PRODUCT_NAME = "$(TARGET_NAME)";
				SDKROOT = iphoneos;
				SWIFT_EMIT_LOC_STRINGS = NO;
				SWIFT_VERSION = 5.0;
				TARGETED_DEVICE_FAMILY = "1,2";
				TEST_TARGET_NAME = "Desafio (iOS)";
				VALIDATE_PRODUCT = YES;
			};
			name = Release;
		};
		24D1F7E228D92ED0007BD6A6 /* Debug */ = {
			isa = XCBuildConfiguration;
			buildSettings = {
				ALWAYS_EMBED_SWIFT_STANDARD_LIBRARIES = YES;
				CODE_SIGN_STYLE = Automatic;
				COMBINE_HIDPI_IMAGES = YES;
				CURRENT_PROJECT_VERSION = 1;
				GENERATE_INFOPLIST_FILE = YES;
				LD_RUNPATH_SEARCH_PATHS = (
					"$(inherited)",
					"@executable_path/../Frameworks",
					"@loader_path/../Frameworks",
				);
				MACOSX_DEPLOYMENT_TARGET = 12.0;
				MARKETING_VERSION = 1.0;
				PRODUCT_BUNDLE_IDENTIFIER = "Desafio.Tests-macOS";
				PRODUCT_NAME = "$(TARGET_NAME)";
				SDKROOT = macosx;
				SWIFT_EMIT_LOC_STRINGS = NO;
				SWIFT_VERSION = 5.0;
				TEST_TARGET_NAME = "Desafio (macOS)";
			};
			name = Debug;
		};
		24D1F7E328D92ED0007BD6A6 /* Release */ = {
			isa = XCBuildConfiguration;
			buildSettings = {
				ALWAYS_EMBED_SWIFT_STANDARD_LIBRARIES = YES;
				CODE_SIGN_STYLE = Automatic;
				COMBINE_HIDPI_IMAGES = YES;
				CURRENT_PROJECT_VERSION = 1;
				GENERATE_INFOPLIST_FILE = YES;
				LD_RUNPATH_SEARCH_PATHS = (
					"$(inherited)",
					"@executable_path/../Frameworks",
					"@loader_path/../Frameworks",
				);
				MACOSX_DEPLOYMENT_TARGET = 12.0;
				MARKETING_VERSION = 1.0;
				PRODUCT_BUNDLE_IDENTIFIER = "Desafio.Tests-macOS";
				PRODUCT_NAME = "$(TARGET_NAME)";
				SDKROOT = macosx;
				SWIFT_EMIT_LOC_STRINGS = NO;
				SWIFT_VERSION = 5.0;
				TEST_TARGET_NAME = "Desafio (macOS)";
			};
			name = Release;
		};
/* End XCBuildConfiguration section */

/* Begin XCConfigurationList section */
		24D1F7A628D92ECE007BD6A6 /* Build configuration list for PBXProject "Desafio" */ = {
			isa = XCConfigurationList;
			buildConfigurations = (
				24D1F7D628D92ECF007BD6A6 /* Debug */,
				24D1F7D728D92ECF007BD6A6 /* Release */,
			);
			defaultConfigurationIsVisible = 0;
			defaultConfigurationName = Release;
		};
		24D1F7D828D92ED0007BD6A6 /* Build configuration list for PBXNativeTarget "Desafio (iOS)" */ = {
			isa = XCConfigurationList;
			buildConfigurations = (
				24D1F7D928D92ED0007BD6A6 /* Debug */,
				24D1F7DA28D92ED0007BD6A6 /* Release */,
			);
			defaultConfigurationIsVisible = 0;
			defaultConfigurationName = Release;
		};
		24D1F7DB28D92ED0007BD6A6 /* Build configuration list for PBXNativeTarget "Desafio (macOS)" */ = {
			isa = XCConfigurationList;
			buildConfigurations = (
				24D1F7DC28D92ED0007BD6A6 /* Debug */,
				24D1F7DD28D92ED0007BD6A6 /* Release */,
			);
			defaultConfigurationIsVisible = 0;
			defaultConfigurationName = Release;
		};
		24D1F7DE28D92ED0007BD6A6 /* Build configuration list for PBXNativeTarget "Tests iOS" */ = {
			isa = XCConfigurationList;
			buildConfigurations = (
				24D1F7DF28D92ED0007BD6A6 /* Debug */,
				24D1F7E028D92ED0007BD6A6 /* Release */,
			);
			defaultConfigurationIsVisible = 0;
			defaultConfigurationName = Release;
		};
		24D1F7E128D92ED0007BD6A6 /* Build configuration list for PBXNativeTarget "Tests macOS" */ = {
			isa = XCConfigurationList;
			buildConfigurations = (
				24D1F7E228D92ED0007BD6A6 /* Debug */,
				24D1F7E328D92ED0007BD6A6 /* Release */,
			);
			defaultConfigurationIsVisible = 0;
			defaultConfigurationName = Release;
		};
/* End XCConfigurationList section */
	};
	rootObject = 24D1F7A328D92ECE007BD6A6 /* Project object */;
}
